// !$*UTF8*$!
{
	archiveVersion = 1;
	classes = {
	};
	objectVersion = 77;
	objects = {

/* Begin PBXBuildFile section */
		C04E53FE2DDA2D1E000157EB /* Alamofire in Frameworks */ = {isa = PBXBuildFile; productRef = C0FAA6352DD6A5010052B5A5 /* Alamofire */; };
		C04E54632DDA31A5000157EB /* InputMask in Frameworks */ = {isa = PBXBuildFile; productRef = C04E54622DDA31A5000157EB /* InputMask */; };
		C04E546D2DDA4AAC000157EB /* Kingfisher in Frameworks */ = {isa = PBXBuildFile; productRef = C04E546C2DDA4AAC000157EB /* Kingfisher */; };
/* End PBXBuildFile section */

/* Begin PBXContainerItemProxy section */
		C011467C2DD623B90030E9EF /* PBXContainerItemProxy */ = {
			isa = PBXContainerItemProxy;
			containerPortal = C011465D2DD623B80030E9EF /* Project object */;
			proxyType = 1;
			remoteGlobalIDString = C01146642DD623B80030E9EF;
			remoteInfo = ltech;
		};
		C01146862DD623B90030E9EF /* PBXContainerItemProxy */ = {
			isa = PBXContainerItemProxy;
			containerPortal = C011465D2DD623B80030E9EF /* Project object */;
			proxyType = 1;
			remoteGlobalIDString = C01146642DD623B80030E9EF;
			remoteInfo = ltech;
		};
/* End PBXContainerItemProxy section */

/* Begin PBXFileReference section */
		C01146652DD623B80030E9EF /* ltech.app */ = {isa = PBXFileReference; explicitFileType = wrapper.application; includeInIndex = 0; path = ltech.app; sourceTree = BUILT_PRODUCTS_DIR; };
		C011467B2DD623B90030E9EF /* ltechTests.xctest */ = {isa = PBXFileReference; explicitFileType = wrapper.cfbundle; includeInIndex = 0; path = ltechTests.xctest; sourceTree = BUILT_PRODUCTS_DIR; };
		C01146852DD623B90030E9EF /* ltechUITests.xctest */ = {isa = PBXFileReference; explicitFileType = wrapper.cfbundle; includeInIndex = 0; path = ltechUITests.xctest; sourceTree = BUILT_PRODUCTS_DIR; };
		C0FAA6502DD744A70052B5A5 /* Contacts.framework */ = {isa = PBXFileReference; lastKnownFileType = wrapper.framework; name = Contacts.framework; path = System/Library/Frameworks/Contacts.framework; sourceTree = SDKROOT; };
/* End PBXFileReference section */

/* Begin PBXFileSystemSynchronizedBuildFileExceptionSet section */
		C011468D2DD623B90030E9EF /* Exceptions for "ltech" folder in "ltech" target */ = {
			isa = PBXFileSystemSynchronizedBuildFileExceptionSet;
			membershipExceptions = (
				Info.plist,
			);
			target = C01146642DD623B80030E9EF /* ltech */;
		};
/* End PBXFileSystemSynchronizedBuildFileExceptionSet section */

/* Begin PBXFileSystemSynchronizedRootGroup section */
		C01146672DD623B80030E9EF /* ltech */ = {
			isa = PBXFileSystemSynchronizedRootGroup;
			exceptions = (
				C011468D2DD623B90030E9EF /* Exceptions for "ltech" folder in "ltech" target */,
			);
			path = ltech;
			sourceTree = "<group>";
		};
		C011467E2DD623B90030E9EF /* ltechTests */ = {
			isa = PBXFileSystemSynchronizedRootGroup;
			path = ltechTests;
			sourceTree = "<group>";
		};
		C01146882DD623B90030E9EF /* ltechUITests */ = {
			isa = PBXFileSystemSynchronizedRootGroup;
			path = ltechUITests;
			sourceTree = "<group>";
		};
/* End PBXFileSystemSynchronizedRootGroup section */

/* Begin PBXFrameworksBuildPhase section */
		C01146622DD623B80030E9EF /* Frameworks */ = {
			isa = PBXFrameworksBuildPhase;
			buildActionMask = 2147483647;
			files = (
				C04E546D2DDA4AAC000157EB /* Kingfisher in Frameworks */,
				C04E53FE2DDA2D1E000157EB /* Alamofire in Frameworks */,
				C04E54632DDA31A5000157EB /* InputMask in Frameworks */,
			);
			runOnlyForDeploymentPostprocessing = 0;
		};
		C01146782DD623B90030E9EF /* Frameworks */ = {
			isa = PBXFrameworksBuildPhase;
			buildActionMask = 2147483647;
			files = (
			);
			runOnlyForDeploymentPostprocessing = 0;
		};
		C01146822DD623B90030E9EF /* Frameworks */ = {
			isa = PBXFrameworksBuildPhase;
			buildActionMask = 2147483647;
			files = (
			);
			runOnlyForDeploymentPostprocessing = 0;
		};
/* End PBXFrameworksBuildPhase section */

/* Begin PBXGroup section */
		C011465C2DD623B80030E9EF = {
			isa = PBXGroup;
			children = (
				C01146672DD623B80030E9EF /* ltech */,
				C011467E2DD623B90030E9EF /* ltechTests */,
				C01146882DD623B90030E9EF /* ltechUITests */,
				C0FAA64F2DD744A60052B5A5 /* Frameworks */,
				C01146662DD623B80030E9EF /* Products */,
			);
			sourceTree = "<group>";
		};
		C01146662DD623B80030E9EF /* Products */ = {
			isa = PBXGroup;
			children = (
				C01146652DD623B80030E9EF /* ltech.app */,
				C011467B2DD623B90030E9EF /* ltechTests.xctest */,
				C01146852DD623B90030E9EF /* ltechUITests.xctest */,
			);
			name = Products;
			sourceTree = "<group>";
		};
		C0FAA64F2DD744A60052B5A5 /* Frameworks */ = {
			isa = PBXGroup;
			children = (
				C0FAA6502DD744A70052B5A5 /* Contacts.framework */,
			);
			name = Frameworks;
			sourceTree = "<group>";
		};
/* End PBXGroup section */

/* Begin PBXNativeTarget section */
		C01146642DD623B80030E9EF /* ltech */ = {
			isa = PBXNativeTarget;
			buildConfigurationList = C011468E2DD623B90030E9EF /* Build configuration list for PBXNativeTarget "ltech" */;
			buildPhases = (
				C01146612DD623B80030E9EF /* Sources */,
				C01146622DD623B80030E9EF /* Frameworks */,
				C01146632DD623B80030E9EF /* Resources */,
			);
			buildRules = (
			);
			dependencies = (
			);
			fileSystemSynchronizedGroups = (
				C01146672DD623B80030E9EF /* ltech */,
			);
			name = ltech;
			packageProductDependencies = (
				C0FAA6352DD6A5010052B5A5 /* Alamofire */,
				C04E54622DDA31A5000157EB /* InputMask */,
				C04E546C2DDA4AAC000157EB /* Kingfisher */,
			);
			productName = ltech;
			productReference = C01146652DD623B80030E9EF /* ltech.app */;
			productType = "com.apple.product-type.application";
		};
		C011467A2DD623B90030E9EF /* ltechTests */ = {
			isa = PBXNativeTarget;
			buildConfigurationList = C01146932DD623B90030E9EF /* Build configuration list for PBXNativeTarget "ltechTests" */;
			buildPhases = (
				C01146772DD623B90030E9EF /* Sources */,
				C01146782DD623B90030E9EF /* Frameworks */,
				C01146792DD623B90030E9EF /* Resources */,
			);
			buildRules = (
			);
			dependencies = (
				C011467D2DD623B90030E9EF /* PBXTargetDependency */,
			);
			fileSystemSynchronizedGroups = (
				C011467E2DD623B90030E9EF /* ltechTests */,
			);
			name = ltechTests;
			packageProductDependencies = (
			);
			productName = ltechTests;
			productReference = C011467B2DD623B90030E9EF /* ltechTests.xctest */;
			productType = "com.apple.product-type.bundle.unit-test";
		};
		C01146842DD623B90030E9EF /* ltechUITests */ = {
			isa = PBXNativeTarget;
			buildConfigurationList = C01146962DD623B90030E9EF /* Build configuration list for PBXNativeTarget "ltechUITests" */;
			buildPhases = (
				C01146812DD623B90030E9EF /* Sources */,
				C01146822DD623B90030E9EF /* Frameworks */,
				C01146832DD623B90030E9EF /* Resources */,
			);
			buildRules = (
			);
			dependencies = (
				C01146872DD623B90030E9EF /* PBXTargetDependency */,
			);
			fileSystemSynchronizedGroups = (
				C01146882DD623B90030E9EF /* ltechUITests */,
			);
			name = ltechUITests;
			packageProductDependencies = (
			);
			productName = ltechUITests;
			productReference = C01146852DD623B90030E9EF /* ltechUITests.xctest */;
			productType = "com.apple.product-type.bundle.ui-testing";
		};
/* End PBXNativeTarget section */

/* Begin PBXProject section */
		C011465D2DD623B80030E9EF /* Project object */ = {
			isa = PBXProject;
			attributes = {
				BuildIndependentTargetsInParallel = 1;
				LastSwiftUpdateCheck = 1630;
				LastUpgradeCheck = 1630;
				TargetAttributes = {
					C01146642DD623B80030E9EF = {
						CreatedOnToolsVersion = 16.3;
					};
					C011467A2DD623B90030E9EF = {
						CreatedOnToolsVersion = 16.3;
						TestTargetID = C01146642DD623B80030E9EF;
					};
					C01146842DD623B90030E9EF = {
						CreatedOnToolsVersion = 16.3;
						TestTargetID = C01146642DD623B80030E9EF;
					};
				};
			};
			buildConfigurationList = C01146602DD623B80030E9EF /* Build configuration list for PBXProject "ltech" */;
			developmentRegion = en;
			hasScannedForEncodings = 0;
			knownRegions = (
				en,
				Base,
			);
			mainGroup = C011465C2DD623B80030E9EF;
			minimizedProjectReferenceProxies = 1;
			packageReferences = (
				C0FAA6342DD6A5010052B5A5 /* XCRemoteSwiftPackageReference "Alamofire" */,
				C04E54612DDA31A5000157EB /* XCRemoteSwiftPackageReference "input-mask-ios" */,
				C04E546B2DDA4AAC000157EB /* XCRemoteSwiftPackageReference "Kingfisher" */,
			);
			preferredProjectObjectVersion = 77;
			productRefGroup = C01146662DD623B80030E9EF /* Products */;
			projectDirPath = "";
			projectRoot = "";
			targets = (
				C01146642DD623B80030E9EF /* ltech */,
				C011467A2DD623B90030E9EF /* ltechTests */,
				C01146842DD623B90030E9EF /* ltechUITests */,
			);
		};
/* End PBXProject section */

/* Begin PBXResourcesBuildPhase section */
		C01146632DD623B80030E9EF /* Resources */ = {
			isa = PBXResourcesBuildPhase;
			buildActionMask = 2147483647;
			files = (
			);
			runOnlyForDeploymentPostprocessing = 0;
		};
		C01146792DD623B90030E9EF /* Resources */ = {
			isa = PBXResourcesBuildPhase;
			buildActionMask = 2147483647;
			files = (
			);
			runOnlyForDeploymentPostprocessing = 0;
		};
		C01146832DD623B90030E9EF /* Resources */ = {
			isa = PBXResourcesBuildPhase;
			buildActionMask = 2147483647;
			files = (
			);
			runOnlyForDeploymentPostprocessing = 0;
		};
/* End PBXResourcesBuildPhase section */

/* Begin PBXSourcesBuildPhase section */
		C01146612DD623B80030E9EF /* Sources */ = {
			isa = PBXSourcesBuildPhase;
			buildActionMask = 2147483647;
			files = (
			);
			runOnlyForDeploymentPostprocessing = 0;
		};
		C01146772DD623B90030E9EF /* Sources */ = {
			isa = PBXSourcesBuildPhase;
			buildActionMask = 2147483647;
			files = (
			);
			runOnlyForDeploymentPostprocessing = 0;
		};
		C01146812DD623B90030E9EF /* Sources */ = {
			isa = PBXSourcesBuildPhase;
			buildActionMask = 2147483647;
			files = (
			);
			runOnlyForDeploymentPostprocessing = 0;
		};
/* End PBXSourcesBuildPhase section */

/* Begin PBXTargetDependency section */
		C011467D2DD623B90030E9EF /* PBXTargetDependency */ = {
			isa = PBXTargetDependency;
			target = C01146642DD623B80030E9EF /* ltech */;
			targetProxy = C011467C2DD623B90030E9EF /* PBXContainerItemProxy */;
		};
		C01146872DD623B90030E9EF /* PBXTargetDependency */ = {
			isa = PBXTargetDependency;
			target = C01146642DD623B80030E9EF /* ltech */;
			targetProxy = C01146862DD623B90030E9EF /* PBXContainerItemProxy */;
		};
/* End PBXTargetDependency section */

/* Begin XCBuildConfiguration section */
		C011468F2DD623B90030E9EF /* Debug */ = {
			isa = XCBuildConfiguration;
			buildSettings = {
				ASSETCATALOG_COMPILER_APPICON_NAME = AppIcon;
				ASSETCATALOG_COMPILER_GLOBAL_ACCENT_COLOR_NAME = AccentColor;
				CODE_SIGN_STYLE = Automatic;
				CURRENT_PROJECT_VERSION = 1;
				DEVELOPMENT_TEAM = KD82SC4QSX;
				GENERATE_INFOPLIST_FILE = YES;
				INFOPLIST_FILE = ltech/Info.plist;
				INFOPLIST_KEY_UIApplicationSupportsIndirectInputEvents = YES;
				INFOPLIST_KEY_UILaunchStoryboardName = LaunchScreen;
				INFOPLIST_KEY_UIMainStoryboardFile = Main;
				INFOPLIST_KEY_UISupportedInterfaceOrientations_iPad = "UIInterfaceOrientationPortrait UIInterfaceOrientationPortraitUpsideDown UIInterfaceOrientationLandscapeLeft UIInterfaceOrientationLandscapeRight";
				INFOPLIST_KEY_UISupportedInterfaceOrientations_iPhone = "UIInterfaceOrientationPortrait UIInterfaceOrientationLandscapeLeft UIInterfaceOrientationLandscapeRight";
				LD_RUNPATH_SEARCH_PATHS = (
					"$(inherited)",
					"@executable_path/Frameworks",
				);
				MARKETING_VERSION = 1.0;
				PRODUCT_BUNDLE_IDENTIFIER = com.leonidperlin.ltech;
				PRODUCT_NAME = "$(TARGET_NAME)";
				SWIFT_EMIT_LOC_STRINGS = YES;
				SWIFT_VERSION = 5.0;
				TARGETED_DEVICE_FAMILY = "1,2";
			};
			name = Debug;
		};
		C01146902DD623B90030E9EF /* Release */ = {
			isa = XCBuildConfiguration;
			buildSettings = {
				ASSETCATALOG_COMPILER_APPICON_NAME = AppIcon;
				ASSETCATALOG_COMPILER_GLOBAL_ACCENT_COLOR_NAME = AccentColor;
				CODE_SIGN_STYLE = Automatic;
				CURRENT_PROJECT_VERSION = 1;
				DEVELOPMENT_TEAM = KD82SC4QSX;
				GENERATE_INFOPLIST_FILE = YES;
				INFOPLIST_FILE = ltech/Info.plist;
				INFOPLIST_KEY_UIApplicationSupportsIndirectInputEvents = YES;
				INFOPLIST_KEY_UILaunchStoryboardName = LaunchScreen;
				INFOPLIST_KEY_UIMainStoryboardFile = Main;
				INFOPLIST_KEY_UISupportedInterfaceOrientations_iPad = "UIInterfaceOrientationPortrait UIInterfaceOrientationPortraitUpsideDown UIInterfaceOrientationLandscapeLeft UIInterfaceOrientationLandscapeRight";
				INFOPLIST_KEY_UISupportedInterfaceOrientations_iPhone = "UIInterfaceOrientationPortrait UIInterfaceOrientationLandscapeLeft UIInterfaceOrientationLandscapeRight";
				LD_RUNPATH_SEARCH_PATHS = (
					"$(inherited)",
					"@executable_path/Frameworks",
				);
				MARKETING_VERSION = 1.0;
				PRODUCT_BUNDLE_IDENTIFIER = com.leonidperlin.ltech;
				PRODUCT_NAME = "$(TARGET_NAME)";
				SWIFT_EMIT_LOC_STRINGS = YES;
				SWIFT_VERSION = 5.0;
				TARGETED_DEVICE_FAMILY = "1,2";
			};
			name = Release;
		};
		C01146912DD623B90030E9EF /* Debug */ = {
			isa = XCBuildConfiguration;
			buildSettings = {
				ALWAYS_SEARCH_USER_PATHS = NO;
				ASSETCATALOG_COMPILER_GENERATE_SWIFT_ASSET_SYMBOL_EXTENSIONS = YES;
				CLANG_ANALYZER_NONNULL = YES;
				CLANG_ANALYZER_NUMBER_OBJECT_CONVERSION = YES_AGGRESSIVE;
				CLANG_CXX_LANGUAGE_STANDARD = "gnu++20";
				CLANG_ENABLE_MODULES = YES;
				CLANG_ENABLE_OBJC_ARC = YES;
				CLANG_ENABLE_OBJC_WEAK = YES;
				CLANG_WARN_BLOCK_CAPTURE_AUTORELEASING = YES;
				CLANG_WARN_BOOL_CONVERSION = YES;
				CLANG_WARN_COMMA = YES;
				CLANG_WARN_CONSTANT_CONVERSION = YES;
				CLANG_WARN_DEPRECATED_OBJC_IMPLEMENTATIONS = YES;
				CLANG_WARN_DIRECT_OBJC_ISA_USAGE = YES_ERROR;
				CLANG_WARN_DOCUMENTATION_COMMENTS = YES;
				CLANG_WARN_EMPTY_BODY = YES;
				CLANG_WARN_ENUM_CONVERSION = YES;
				CLANG_WARN_INFINITE_RECURSION = YES;
				CLANG_WARN_INT_CONVERSION = YES;
				CLANG_WARN_NON_LITERAL_NULL_CONVERSION = YES;
				CLANG_WARN_OBJC_IMPLICIT_RETAIN_SELF = YES;
				CLANG_WARN_OBJC_LITERAL_CONVERSION = YES;
				CLANG_WARN_OBJC_ROOT_CLASS = YES_ERROR;
				CLANG_WARN_QUOTED_INCLUDE_IN_FRAMEWORK_HEADER = YES;
				CLANG_WARN_RANGE_LOOP_ANALYSIS = YES;
				CLANG_WARN_STRICT_PROTOTYPES = YES;
				CLANG_WARN_SUSPICIOUS_MOVE = YES;
				CLANG_WARN_UNGUARDED_AVAILABILITY = YES_AGGRESSIVE;
				CLANG_WARN_UNREACHABLE_CODE = YES;
				CLANG_WARN__DUPLICATE_METHOD_MATCH = YES;
				COPY_PHASE_STRIP = NO;
				DEBUG_INFORMATION_FORMAT = dwarf;
				DEVELOPMENT_TEAM = KD82SC4QSX;
				ENABLE_STRICT_OBJC_MSGSEND = YES;
				ENABLE_TESTABILITY = YES;
				ENABLE_USER_SCRIPT_SANDBOXING = YES;
				GCC_C_LANGUAGE_STANDARD = gnu17;
				GCC_DYNAMIC_NO_PIC = NO;
				GCC_NO_COMMON_BLOCKS = YES;
				GCC_OPTIMIZATION_LEVEL = 0;
				GCC_PREPROCESSOR_DEFINITIONS = (
					"DEBUG=1",
					"$(inherited)",
				);
				GCC_WARN_64_TO_32_BIT_CONVERSION = YES;
				GCC_WARN_ABOUT_RETURN_TYPE = YES_ERROR;
				GCC_WARN_UNDECLARED_SELECTOR = YES;
				GCC_WARN_UNINITIALIZED_AUTOS = YES_AGGRESSIVE;
				GCC_WARN_UNUSED_FUNCTION = YES;
				GCC_WARN_UNUSED_VARIABLE = YES;
				IPHONEOS_DEPLOYMENT_TARGET = 13.0;
				LOCALIZATION_PREFERS_STRING_CATALOGS = YES;
				MTL_ENABLE_DEBUG_INFO = INCLUDE_SOURCE;
				MTL_FAST_MATH = YES;
				ONLY_ACTIVE_ARCH = YES;
				SDKROOT = iphoneos;
				SWIFT_ACTIVE_COMPILATION_CONDITIONS = "DEBUG $(inherited)";
				SWIFT_OPTIMIZATION_LEVEL = "-Onone";
			};
			name = Debug;
		};
		C01146922DD623B90030E9EF /* Release */ = {
			isa = XCBuildConfiguration;
			buildSettings = {
				ALWAYS_SEARCH_USER_PATHS = NO;
				ASSETCATALOG_COMPILER_GENERATE_SWIFT_ASSET_SYMBOL_EXTENSIONS = YES;
				CLANG_ANALYZER_NONNULL = YES;
				CLANG_ANALYZER_NUMBER_OBJECT_CONVERSION = YES_AGGRESSIVE;
				CLANG_CXX_LANGUAGE_STANDARD = "gnu++20";
				CLANG_ENABLE_MODULES = YES;
				CLANG_ENABLE_OBJC_ARC = YES;
				CLANG_ENABLE_OBJC_WEAK = YES;
				CLANG_WARN_BLOCK_CAPTURE_AUTORELEASING = YES;
				CLANG_WARN_BOOL_CONVERSION = YES;
				CLANG_WARN_COMMA = YES;
				CLANG_WARN_CONSTANT_CONVERSION = YES;
				CLANG_WARN_DEPRECATED_OBJC_IMPLEMENTATIONS = YES;
				CLANG_WARN_DIRECT_OBJC_ISA_USAGE = YES_ERROR;
				CLANG_WARN_DOCUMENTATION_COMMENTS = YES;
				CLANG_WARN_EMPTY_BODY = YES;
				CLANG_WARN_ENUM_CONVERSION = YES;
				CLANG_WARN_INFINITE_RECURSION = YES;
				CLANG_WARN_INT_CONVERSION = YES;
				CLANG_WARN_NON_LITERAL_NULL_CONVERSION = YES;
				CLANG_WARN_OBJC_IMPLICIT_RETAIN_SELF = YES;
				CLANG_WARN_OBJC_LITERAL_CONVERSION = YES;
				CLANG_WARN_OBJC_ROOT_CLASS = YES_ERROR;
				CLANG_WARN_QUOTED_INCLUDE_IN_FRAMEWORK_HEADER = YES;
				CLANG_WARN_RANGE_LOOP_ANALYSIS = YES;
				CLANG_WARN_STRICT_PROTOTYPES = YES;
				CLANG_WARN_SUSPICIOUS_MOVE = YES;
				CLANG_WARN_UNGUARDED_AVAILABILITY = YES_AGGRESSIVE;
				CLANG_WARN_UNREACHABLE_CODE = YES;
				CLANG_WARN__DUPLICATE_METHOD_MATCH = YES;
				COPY_PHASE_STRIP = NO;
				DEBUG_INFORMATION_FORMAT = "dwarf-with-dsym";
				DEVELOPMENT_TEAM = KD82SC4QSX;
				ENABLE_NS_ASSERTIONS = NO;
				ENABLE_STRICT_OBJC_MSGSEND = YES;
				ENABLE_USER_SCRIPT_SANDBOXING = YES;
				GCC_C_LANGUAGE_STANDARD = gnu17;
				GCC_NO_COMMON_BLOCKS = YES;
				GCC_WARN_64_TO_32_BIT_CONVERSION = YES;
				GCC_WARN_ABOUT_RETURN_TYPE = YES_ERROR;
				GCC_WARN_UNDECLARED_SELECTOR = YES;
				GCC_WARN_UNINITIALIZED_AUTOS = YES_AGGRESSIVE;
				GCC_WARN_UNUSED_FUNCTION = YES;
				GCC_WARN_UNUSED_VARIABLE = YES;
				IPHONEOS_DEPLOYMENT_TARGET = 13.0;
				LOCALIZATION_PREFERS_STRING_CATALOGS = YES;
				MTL_ENABLE_DEBUG_INFO = NO;
				MTL_FAST_MATH = YES;
				SDKROOT = iphoneos;
				SWIFT_COMPILATION_MODE = wholemodule;
				VALIDATE_PRODUCT = YES;
			};
			name = Release;
		};
		C01146942DD623B90030E9EF /* Debug */ = {
			isa = XCBuildConfiguration;
			buildSettings = {
				BUNDLE_LOADER = "$(TEST_HOST)";
				CODE_SIGN_STYLE = Automatic;
				CURRENT_PROJECT_VERSION = 1;
				DEVELOPMENT_TEAM = KD82SC4QSX;
				GENERATE_INFOPLIST_FILE = YES;
				IPHONEOS_DEPLOYMENT_TARGET = 18.4;
				MARKETING_VERSION = 1.0;
				PRODUCT_BUNDLE_IDENTIFIER = com.leonidperlin.ltechTests;
				PRODUCT_NAME = "$(TARGET_NAME)";
				SWIFT_EMIT_LOC_STRINGS = NO;
				SWIFT_VERSION = 5.0;
				TARGETED_DEVICE_FAMILY = "1,2";
				TEST_HOST = "$(BUILT_PRODUCTS_DIR)/ltech.app/$(BUNDLE_EXECUTABLE_FOLDER_PATH)/ltech";
			};
			name = Debug;
		};
		C01146952DD623B90030E9EF /* Release */ = {
			isa = XCBuildConfiguration;
			buildSettings = {
				BUNDLE_LOADER = "$(TEST_HOST)";
				CODE_SIGN_STYLE = Automatic;
				CURRENT_PROJECT_VERSION = 1;
				DEVELOPMENT_TEAM = KD82SC4QSX;
				GENERATE_INFOPLIST_FILE = YES;
				IPHONEOS_DEPLOYMENT_TARGET = 18.4;
				MARKETING_VERSION = 1.0;
				PRODUCT_BUNDLE_IDENTIFIER = com.leonidperlin.ltechTests;
				PRODUCT_NAME = "$(TARGET_NAME)";
				SWIFT_EMIT_LOC_STRINGS = NO;
				SWIFT_VERSION = 5.0;
				TARGETED_DEVICE_FAMILY = "1,2";
				TEST_HOST = "$(BUILT_PRODUCTS_DIR)/ltech.app/$(BUNDLE_EXECUTABLE_FOLDER_PATH)/ltech";
			};
			name = Release;
		};
		C01146972DD623B90030E9EF /* Debug */ = {
			isa = XCBuildConfiguration;
			buildSettings = {
				CODE_SIGN_STYLE = Automatic;
				CURRENT_PROJECT_VERSION = 1;
				DEVELOPMENT_TEAM = KD82SC4QSX;
				GENERATE_INFOPLIST_FILE = YES;
				MARKETING_VERSION = 1.0;
				PRODUCT_BUNDLE_IDENTIFIER = com.leonidperlin.ltechUITests;
				PRODUCT_NAME = "$(TARGET_NAME)";
				SWIFT_EMIT_LOC_STRINGS = NO;
				SWIFT_VERSION = 5.0;
				TARGETED_DEVICE_FAMILY = "1,2";
				TEST_TARGET_NAME = ltech;
			};
			name = Debug;
		};
		C01146982DD623B90030E9EF /* Release */ = {
			isa = XCBuildConfiguration;
			buildSettings = {
				CODE_SIGN_STYLE = Automatic;
				CURRENT_PROJECT_VERSION = 1;
				DEVELOPMENT_TEAM = KD82SC4QSX;
				GENERATE_INFOPLIST_FILE = YES;
				MARKETING_VERSION = 1.0;
				PRODUCT_BUNDLE_IDENTIFIER = com.leonidperlin.ltechUITests;
				PRODUCT_NAME = "$(TARGET_NAME)";
				SWIFT_EMIT_LOC_STRINGS = NO;
				SWIFT_VERSION = 5.0;
				TARGETED_DEVICE_FAMILY = "1,2";
				TEST_TARGET_NAME = ltech;
			};
			name = Release;
		};
/* End XCBuildConfiguration section */

/* Begin XCConfigurationList section */
		C01146602DD623B80030E9EF /* Build configuration list for PBXProject "ltech" */ = {
			isa = XCConfigurationList;
			buildConfigurations = (
				C01146912DD623B90030E9EF /* Debug */,
				C01146922DD623B90030E9EF /* Release */,
			);
			defaultConfigurationIsVisible = 0;
			defaultConfigurationName = Release;
		};
		C011468E2DD623B90030E9EF /* Build configuration list for PBXNativeTarget "ltech" */ = {
			isa = XCConfigurationList;
			buildConfigurations = (
				C011468F2DD623B90030E9EF /* Debug */,
				C01146902DD623B90030E9EF /* Release */,
			);
			defaultConfigurationIsVisible = 0;
			defaultConfigurationName = Release;
		};
		C01146932DD623B90030E9EF /* Build configuration list for PBXNativeTarget "ltechTests" */ = {
			isa = XCConfigurationList;
			buildConfigurations = (
				C01146942DD623B90030E9EF /* Debug */,
				C01146952DD623B90030E9EF /* Release */,
			);
			defaultConfigurationIsVisible = 0;
			defaultConfigurationName = Release;
		};
		C01146962DD623B90030E9EF /* Build configuration list for PBXNativeTarget "ltechUITests" */ = {
			isa = XCConfigurationList;
			buildConfigurations = (
				C01146972DD623B90030E9EF /* Debug */,
				C01146982DD623B90030E9EF /* Release */,
			);
			defaultConfigurationIsVisible = 0;
			defaultConfigurationName = Release;
		};
/* End XCConfigurationList section */

/* Begin XCRemoteSwiftPackageReference section */
		C04E54612DDA31A5000157EB /* XCRemoteSwiftPackageReference "input-mask-ios" */ = {
			isa = XCRemoteSwiftPackageReference;
			repositoryURL = "https://github.com/RedMadRobot/input-mask-ios";
			requirement = {
				kind = upToNextMajorVersion;
				minimumVersion = 7.3.2;
			};
		};
		C04E546B2DDA4AAC000157EB /* XCRemoteSwiftPackageReference "Kingfisher" */ = {
			isa = XCRemoteSwiftPackageReference;
			repositoryURL = "https://github.com/onevcat/Kingfisher";
			requirement = {
				kind = upToNextMajorVersion;
				minimumVersion = 8.3.2;
			};
		};
		C0FAA6342DD6A5010052B5A5 /* XCRemoteSwiftPackageReference "Alamofire" */ = {
			isa = XCRemoteSwiftPackageReference;
			repositoryURL = "https://github.com/Alamofire/Alamofire.git";
			requirement = {
				kind = upToNextMajorVersion;
				minimumVersion = 5.10.2;
			};
		};
/* End XCRemoteSwiftPackageReference section */

/* Begin XCSwiftPackageProductDependency section */
		C04E54622DDA31A5000157EB /* InputMask */ = {
			isa = XCSwiftPackageProductDependency;
			package = C04E54612DDA31A5000157EB /* XCRemoteSwiftPackageReference "input-mask-ios" */;
			productName = InputMask;
		};
		C04E546C2DDA4AAC000157EB /* Kingfisher */ = {
			isa = XCSwiftPackageProductDependency;
			package = C04E546B2DDA4AAC000157EB /* XCRemoteSwiftPackageReference "Kingfisher" */;
			productName = Kingfisher;
		};
		C0FAA6352DD6A5010052B5A5 /* Alamofire */ = {
			isa = XCSwiftPackageProductDependency;
			package = C0FAA6342DD6A5010052B5A5 /* XCRemoteSwiftPackageReference "Alamofire" */;
			productName = Alamofire;
		};
/* End XCSwiftPackageProductDependency section */
	};
	rootObject = C011465D2DD623B80030E9EF /* Project object */;
}
